
Microsoft Visual Studio Solution File, Format Version 12.00
# Visual Studio Version 16
VisualStudioVersion = 16.0.29911.84
MinimumVisualStudioVersion = 10.0.40219.1
Project("{9A19103F-16F7-4668-BE54-9A1E7A4F7556}") = "PlayerActionValidationService", "PlayerActionValidationService\PlayerActionValidationService.csproj", "{B6036FE2-6DC2-41C9-BA70-9DE8D231E2B4}"
EndProject
Project("{FAE04EC0-301F-11D3-BF4B-00C04F79EFBC}") = "PlayerActionValidationService_Tests", "PlayerActionValidationService_Tests\PlayerActionValidationService_Tests.csproj", "{F679E3E2-E852-4638-A7AF-C39050042AFC}"
EndProject
Global
	GlobalSection(SolutionConfigurationPlatforms) = preSolution
		Debug|Any CPU = Debug|Any CPU
		Release|Any CPU = Release|Any CPU
	EndGlobalSection
	GlobalSection(ProjectConfigurationPlatforms) = postSolution
		{B6036FE2-6DC2-41C9-BA70-9DE8D231E2B4}.Debug|Any CPU.ActiveCfg = Debug|Any CPU
		{B6036FE2-6DC2-41C9-BA70-9DE8D231E2B4}.Debug|Any CPU.Build.0 = Debug|Any CPU
		{B6036FE2-6DC2-41C9-BA70-9DE8D231E2B4}.Release|Any CPU.ActiveCfg = Release|Any CPU
		{B6036FE2-6DC2-41C9-BA70-9DE8D231E2B4}.Release|Any CPU.Build.0 = Release|Any CPU
		{F679E3E2-E852-4638-A7AF-C39050042AFC}.Debug|Any CPU.ActiveCfg = Debug|Any CPU
		{F679E3E2-E852-4638-A7AF-C39050042AFC}.Debug|Any CPU.Build.0 = Debug|Any CPU
		{F679E3E2-E852-4638-A7AF-C39050042AFC}.Release|Any CPU.ActiveCfg = Release|Any CPU
		{F679E3E2-E852-4638-A7AF-C39050042AFC}.Release|Any CPU.Build.0 = Release|Any CPU
	EndGlobalSection
	GlobalSection(SolutionProperties) = preSolution
		HideSolutionNode = FALSE
	EndGlobalSection
	GlobalSection(ExtensibilityGlobals) = postSolution
		SolutionGuid = {8BB8150B-81A7-44A4-94AC-0E51104E128D}
	EndGlobalSection
EndGlobal
